
Microsoft Visual Studio Solution File, Format Version 12.00
# Visual Studio Version 17
VisualStudioVersion = 17.7.34031.279
MinimumVisualStudioVersion = 10.0.40219.1
Project("{9A19103F-16F7-4668-BE54-9A1E7A4F7556}") = "ECommerce.Api.Products", "ECommerce.Api.Products\ECommerce.Api.Products.csproj", "{1EBF6CFF-C594-4AF7-8C1D-299CD001AA14}"
EndProject
Project("{9A19103F-16F7-4668-BE54-9A1E7A4F7556}") = "ECommerce.Api.Customers", "ECommerce.Api.Customers\ECommerce.Api.Customers.csproj", "{67E748DF-52D1-49BC-8925-941BDEC4226A}"
EndProject
Project("{9A19103F-16F7-4668-BE54-9A1E7A4F7556}") = "ECommerce.Api.Orders", "ECommerce.Api.Orders\ECommerce.Api.Orders.csproj", "{A4027EE5-252C-4058-BA11-1F10737562CB}"
EndProject
Project("{9A19103F-16F7-4668-BE54-9A1E7A4F7556}") = "ECommerce.Api.Search", "ECommerce.Api.Search\ECommerce.Api.Search.csproj", "{75893BB3-1F68-4699-A540-CB51B303976F}"
EndProject
Project("{9A19103F-16F7-4668-BE54-9A1E7A4F7556}") = "ECommerce.Api.Products.Test", "ECommerce.Api.Products.Test\ECommerce.Api.Products.Test.csproj", "{A9D0D3B0-0C85-47F8-9D36-8ABA19AB0311}"
EndProject
Project("{E53339B2-1760-4266-BCC7-CA923CBCF16C}") = "docker-compose", "docker-compose.dcproj", "{256244E2-7581-41BA-A312-2683DC7E2F68}"
EndProject
Global
	GlobalSection(SolutionConfigurationPlatforms) = preSolution
		Debug|Any CPU = Debug|Any CPU
		Release|Any CPU = Release|Any CPU
	EndGlobalSection
	GlobalSection(ProjectConfigurationPlatforms) = postSolution
		{1EBF6CFF-C594-4AF7-8C1D-299CD001AA14}.Debug|Any CPU.ActiveCfg = Debug|Any CPU
		{1EBF6CFF-C594-4AF7-8C1D-299CD001AA14}.Debug|Any CPU.Build.0 = Debug|Any CPU
		{1EBF6CFF-C594-4AF7-8C1D-299CD001AA14}.Release|Any CPU.ActiveCfg = Release|Any CPU
		{1EBF6CFF-C594-4AF7-8C1D-299CD001AA14}.Release|Any CPU.Build.0 = Release|Any CPU
		{67E748DF-52D1-49BC-8925-941BDEC4226A}.Debug|Any CPU.ActiveCfg = Debug|Any CPU
		{67E748DF-52D1-49BC-8925-941BDEC4226A}.Debug|Any CPU.Build.0 = Debug|Any CPU
		{67E748DF-52D1-49BC-8925-941BDEC4226A}.Release|Any CPU.ActiveCfg = Release|Any CPU
		{67E748DF-52D1-49BC-8925-941BDEC4226A}.Release|Any CPU.Build.0 = Release|Any CPU
		{A4027EE5-252C-4058-BA11-1F10737562CB}.Debug|Any CPU.ActiveCfg = Debug|Any CPU
		{A4027EE5-252C-4058-BA11-1F10737562CB}.Debug|Any CPU.Build.0 = Debug|Any CPU
		{A4027EE5-252C-4058-BA11-1F10737562CB}.Release|Any CPU.ActiveCfg = Release|Any CPU
		{A4027EE5-252C-4058-BA11-1F10737562CB}.Release|Any CPU.Build.0 = Release|Any CPU
		{75893BB3-1F68-4699-A540-CB51B303976F}.Debug|Any CPU.ActiveCfg = Debug|Any CPU
		{75893BB3-1F68-4699-A540-CB51B303976F}.Debug|Any CPU.Build.0 = Debug|Any CPU
		{75893BB3-1F68-4699-A540-CB51B303976F}.Release|Any CPU.ActiveCfg = Release|Any CPU
		{75893BB3-1F68-4699-A540-CB51B303976F}.Release|Any CPU.Build.0 = Release|Any CPU
		{A9D0D3B0-0C85-47F8-9D36-8ABA19AB0311}.Debug|Any CPU.ActiveCfg = Debug|Any CPU
		{A9D0D3B0-0C85-47F8-9D36-8ABA19AB0311}.Debug|Any CPU.Build.0 = Debug|Any CPU
		{A9D0D3B0-0C85-47F8-9D36-8ABA19AB0311}.Release|Any CPU.ActiveCfg = Release|Any CPU
		{A9D0D3B0-0C85-47F8-9D36-8ABA19AB0311}.Release|Any CPU.Build.0 = Release|Any CPU
		{256244E2-7581-41BA-A312-2683DC7E2F68}.Debug|Any CPU.ActiveCfg = Debug|Any CPU
		{256244E2-7581-41BA-A312-2683DC7E2F68}.Debug|Any CPU.Build.0 = Debug|Any CPU
		{256244E2-7581-41BA-A312-2683DC7E2F68}.Release|Any CPU.ActiveCfg = Release|Any CPU
		{256244E2-7581-41BA-A312-2683DC7E2F68}.Release|Any CPU.Build.0 = Release|Any CPU
	EndGlobalSection
	GlobalSection(SolutionProperties) = preSolution
		HideSolutionNode = FALSE
	EndGlobalSection
	GlobalSection(ExtensibilityGlobals) = postSolution
		SolutionGuid = {5303692C-7FD9-4D9D-BAB8-2EE2161CA9A0}
	EndGlobalSection
EndGlobal
